
Microsoft Visual Studio Solution File, Format Version 12.00
# Visual Studio Version 17
VisualStudioVersion = 17.0.32014.148
MinimumVisualStudioVersion = 10.0.40219.1
Project("{FAE04EC0-301F-11D3-BF4B-00C04F79EFBC}") = "CwkSocial.API", "CwkSocial.API\CwkSocial.API.csproj", "{7F1BFB33-264F-4F04-8971-B1EBA22F5DDD}"
EndProject
Project("{FAE04EC0-301F-11D3-BF4B-00C04F79EFBC}") = "Cwk.Domain", "Cwk.Domain\Cwk.Domain.csproj", "{9859F410-F287-45AE-A42A-3B892AAFE4E8}"
EndProject
Project("{FAE04EC0-301F-11D3-BF4B-00C04F79EFBC}") = "Cwk.Application", "Cwk.Application\Cwk.Application.csproj", "{AFC2CC20-F662-4F41-862C-F8EF2BF7E84F}"
EndProject
Project("{FAE04EC0-301F-11D3-BF4B-00C04F79EFBC}") = "Cwk.DataAccess", "Cwk.DataAccess\Cwk.DataAccess.csproj", "{A8679DA6-AA59-4C8E-ADA8-A211D68F85FF}"
EndProject
Global
	GlobalSection(SolutionConfigurationPlatforms) = preSolution
		Debug|Any CPU = Debug|Any CPU
		Release|Any CPU = Release|Any CPU
	EndGlobalSection
	GlobalSection(ProjectConfigurationPlatforms) = postSolution
		{7F1BFB33-264F-4F04-8971-B1EBA22F5DDD}.Debug|Any CPU.ActiveCfg = Debug|Any CPU
		{7F1BFB33-264F-4F04-8971-B1EBA22F5DDD}.Debug|Any CPU.Build.0 = Debug|Any CPU
		{7F1BFB33-264F-4F04-8971-B1EBA22F5DDD}.Release|Any CPU.ActiveCfg = Release|Any CPU
		{7F1BFB33-264F-4F04-8971-B1EBA22F5DDD}.Release|Any CPU.Build.0 = Release|Any CPU
		{9859F410-F287-45AE-A42A-3B892AAFE4E8}.Debug|Any CPU.ActiveCfg = Debug|Any CPU
		{9859F410-F287-45AE-A42A-3B892AAFE4E8}.Debug|Any CPU.Build.0 = Debug|Any CPU
		{9859F410-F287-45AE-A42A-3B892AAFE4E8}.Release|Any CPU.ActiveCfg = Release|Any CPU
		{9859F410-F287-45AE-A42A-3B892AAFE4E8}.Release|Any CPU.Build.0 = Release|Any CPU
		{AFC2CC20-F662-4F41-862C-F8EF2BF7E84F}.Debug|Any CPU.ActiveCfg = Debug|Any CPU
		{AFC2CC20-F662-4F41-862C-F8EF2BF7E84F}.Debug|Any CPU.Build.0 = Debug|Any CPU
		{AFC2CC20-F662-4F41-862C-F8EF2BF7E84F}.Release|Any CPU.ActiveCfg = Release|Any CPU
		{AFC2CC20-F662-4F41-862C-F8EF2BF7E84F}.Release|Any CPU.Build.0 = Release|Any CPU
		{A8679DA6-AA59-4C8E-ADA8-A211D68F85FF}.Debug|Any CPU.ActiveCfg = Debug|Any CPU
		{A8679DA6-AA59-4C8E-ADA8-A211D68F85FF}.Debug|Any CPU.Build.0 = Debug|Any CPU
		{A8679DA6-AA59-4C8E-ADA8-A211D68F85FF}.Release|Any CPU.ActiveCfg = Release|Any CPU
		{A8679DA6-AA59-4C8E-ADA8-A211D68F85FF}.Release|Any CPU.Build.0 = Release|Any CPU
	EndGlobalSection
	GlobalSection(SolutionProperties) = preSolution
		HideSolutionNode = FALSE
	EndGlobalSection
	GlobalSection(ExtensibilityGlobals) = postSolution
		SolutionGuid = {16095E7A-81E6-49B9-8944-286BC31191BE}
	EndGlobalSection
EndGlobal
